
Microsoft Visual Studio Solution File, Format Version 11.00
# Visual Studio 2010
Project("{FAE04EC0-301F-11D3-BF4B-00C04F79EFBC}") = "Golfaisverige", "Golfaisverige\Golfaisverige.csproj", "{888C6CC0-FCD6-46B8-B356-E14C959CC6FE}"
EndProject
Global
	GlobalSection(SolutionConfigurationPlatforms) = preSolution
		Debug|Any CPU = Debug|Any CPU
		Release|Any CPU = Release|Any CPU
	EndGlobalSection
	GlobalSection(ProjectConfigurationPlatforms) = postSolution
		{888C6CC0-FCD6-46B8-B356-E14C959CC6FE}.Debug|Any CPU.ActiveCfg = Debug|Any CPU
		{888C6CC0-FCD6-46B8-B356-E14C959CC6FE}.Debug|Any CPU.Build.0 = Debug|Any CPU
		{888C6CC0-FCD6-46B8-B356-E14C959CC6FE}.Release|Any CPU.ActiveCfg = Release|Any CPU
		{888C6CC0-FCD6-46B8-B356-E14C959CC6FE}.Release|Any CPU.Build.0 = Release|Any CPU
	EndGlobalSection
	GlobalSection(SolutionProperties) = preSolution
		HideSolutionNode = FALSE
	EndGlobalSection
EndGlobal
